
Microsoft Visual Studio Solution File, Format Version 12.00
# Visual Studio Version 18
VisualStudioVersion = 18.0.11104.47 d18.0
MinimumVisualStudioVersion = 10.0.40219.1
Project("{FAE04EC0-301F-11D3-BF4B-00C04F79EFBC}") = "Utilities", "Utilities\Utilities.csproj", "{AA0629B3-AF39-4049-9723-7989EC93B0A4}"
EndProject
Project("{D954291E-2A0B-460D-934E-DC6B0785DB48}") = "ProjectExplorer.ExtensionShared", "ProjectExplorer.ExtensionShared\ProjectExplorer.ExtensionShared.shproj", "{C8F56B7F-9865-41F1-8C91-005B5567ED3A}"
EndProject
Project("{FAE04EC0-301F-11D3-BF4B-00C04F79EFBC}") = "ProjectExplorer.Extension2022", "ProjectExplorer.Extension2022\ProjectExplorer.Extension2022.csproj", "{75E5A9C3-DCB8-4ABC-BC43-CA1E3C8533C3}"
EndProject
Project("{FAE04EC0-301F-11D3-BF4B-00C04F79EFBC}") = "ProjectExplorer.Extension2026", "ProjectExplorer.Extension2026\ProjectExplorer.Extension2026.csproj", "{374E8225-9563-4A2C-9868-5C4EF4BB97F7}"
EndProject
Global
	GlobalSection(SolutionConfigurationPlatforms) = preSolution
		Debug|Any CPU = Debug|Any CPU
		Release|Any CPU = Release|Any CPU
	EndGlobalSection
	GlobalSection(ProjectConfigurationPlatforms) = postSolution
		{AA0629B3-AF39-4049-9723-7989EC93B0A4}.Debug|Any CPU.ActiveCfg = Debug|Any CPU
		{AA0629B3-AF39-4049-9723-7989EC93B0A4}.Debug|Any CPU.Build.0 = Debug|Any CPU
		{AA0629B3-AF39-4049-9723-7989EC93B0A4}.Release|Any CPU.ActiveCfg = Release|Any CPU
		{AA0629B3-AF39-4049-9723-7989EC93B0A4}.Release|Any CPU.Build.0 = Release|Any CPU
		{75E5A9C3-DCB8-4ABC-BC43-CA1E3C8533C3}.Debug|Any CPU.ActiveCfg = Debug|Any CPU
		{75E5A9C3-DCB8-4ABC-BC43-CA1E3C8533C3}.Debug|Any CPU.Build.0 = Debug|Any CPU
		{75E5A9C3-DCB8-4ABC-BC43-CA1E3C8533C3}.Release|Any CPU.ActiveCfg = Release|Any CPU
		{75E5A9C3-DCB8-4ABC-BC43-CA1E3C8533C3}.Release|Any CPU.Build.0 = Release|Any CPU
		{374E8225-9563-4A2C-9868-5C4EF4BB97F7}.Debug|Any CPU.ActiveCfg = Debug|Any CPU
		{374E8225-9563-4A2C-9868-5C4EF4BB97F7}.Debug|Any CPU.Build.0 = Debug|Any CPU
		{374E8225-9563-4A2C-9868-5C4EF4BB97F7}.Release|Any CPU.ActiveCfg = Release|Any CPU
		{374E8225-9563-4A2C-9868-5C4EF4BB97F7}.Release|Any CPU.Build.0 = Release|Any CPU
	EndGlobalSection
	GlobalSection(SolutionProperties) = preSolution
		HideSolutionNode = FALSE
	EndGlobalSection
	GlobalSection(ExtensibilityGlobals) = postSolution
		SolutionGuid = {237582CD-BA26-4278-8A08-2439FEAACDA9}
	EndGlobalSection
	GlobalSection(SharedMSBuildProjectFiles) = preSolution
		ProjectExplorer.ExtensionShared\IInspectable.ProjectExplorer.ExtensionShared.projitems*{374e8225-9563-4a2c-9868-5c4ef4bb97f7}*SharedItemsImports = 4
		ProjectExplorer.ExtensionShared\IInspectable.ProjectExplorer.ExtensionShared.projitems*{75e5a9c3-dcb8-4abc-bc43-ca1e3c8533c3}*SharedItemsImports = 4
		ProjectExplorer.ExtensionShared\IInspectable.ProjectExplorer.ExtensionShared.projitems*{c8f56b7f-9865-41f1-8c91-005b5567ed3a}*SharedItemsImports = 13
	EndGlobalSection
EndGlobal
